// !$*UTF8*$!
{
	archiveVersion = 1;
	classes = {
	};
	objectVersion = 46;
	objects = {

/* Begin PBXBuildFile section */
		80E4EDF01FB176F8004DD219 /* main.c in Sources */ = {isa = PBXBuildFile; fileRef = 80E4EDEF1FB176F8004DD219 /* main.c */; };
		80E4EDFD1FB1821C004DD219 /* main.c in Sources */ = {isa = PBXBuildFile; fileRef = 80E4EDFC1FB1821C004DD219 /* main.c */; };
/* End PBXBuildFile section */

/* Begin PBXCopyFilesBuildPhase section */
		80E4EDEA1FB176F8004DD219 /* CopyFiles */ = {
			isa = PBXCopyFilesBuildPhase;
			buildActionMask = 2147483647;
			dstPath = /usr/share/man/man1/;
			dstSubfolderSpec = 0;
			files = (
			);
			runOnlyForDeploymentPostprocessing = 1;
		};
		80E4EDF81FB1821C004DD219 /* CopyFiles */ = {
			isa = PBXCopyFilesBuildPhase;
			buildActionMask = 2147483647;
			dstPath = /usr/share/man/man1/;
			dstSubfolderSpec = 0;
			files = (
			);
			runOnlyForDeploymentPostprocessing = 1;
		};
/* End PBXCopyFilesBuildPhase section */

/* Begin PBXFileReference section */
		80E4EDE71FB17651004DD219 /* compare.h */ = {isa = PBXFileReference; lastKnownFileType = sourcecode.c.h; path = compare.h; sourceTree = "<group>"; };
		80E4EDEC1FB176F8004DD219 /* compare */ = {isa = PBXFileReference; explicitFileType = "compiled.mach-o.executable"; includeInIndex = 0; path = compare; sourceTree = BUILT_PRODUCTS_DIR; };
		80E4EDEF1FB176F8004DD219 /* main.c */ = {isa = PBXFileReference; lastKnownFileType = sourcecode.c.c; path = main.c; sourceTree = "<group>"; };
		80E4EDF41FB17916004DD219 /* bangla_out.txt */ = {isa = PBXFileReference; fileEncoding = 4; lastKnownFileType = text; path = bangla_out.txt; sourceTree = "<group>"; };
		80E4EDF51FB17916004DD219 /* devan_out.txt */ = {isa = PBXFileReference; fileEncoding = 4; lastKnownFileType = text; path = devan_out.txt; sourceTree = "<group>"; };
		80E4EDFA1FB1821C004DD219 /* convert */ = {isa = PBXFileReference; explicitFileType = "compiled.mach-o.executable"; includeInIndex = 0; path = convert; sourceTree = BUILT_PRODUCTS_DIR; };
		80E4EDFC1FB1821C004DD219 /* main.c */ = {isa = PBXFileReference; lastKnownFileType = sourcecode.c.c; lineEnding = 0; name = main.c; path = /Users/nhettiarachc/Desktop/compare/convert/main.c; sourceTree = "<absolute>"; };
		80E4EE021FB18246004DD219 /* convert.h */ = {isa = PBXFileReference; fileEncoding = 4; lastKnownFileType = sourcecode.c.h; path = convert.h; sourceTree = "<group>"; };
		80E4EE051FB18D53004DD219 /* bangla.txt */ = {isa = PBXFileReference; fileEncoding = 4; lastKnownFileType = text; name = bangla.txt; path = "../../../code/b8e-converter/test/bangla.txt"; sourceTree = "<group>"; };
		80E4EE061FB18D53004DD219 /* devan.txt */ = {isa = PBXFileReference; fileEncoding = 4; lastKnownFileType = text; name = devan.txt; path = "../../../code/b8e-converter/test/devan.txt"; sourceTree = "<group>"; };
		80E4EE071FB18D53004DD219 /* bangla_errr.txt */ = {isa = PBXFileReference; fileEncoding = 4; lastKnownFileType = text; name = bangla_errr.txt; path = "../../code/b8e-converter/test/bangla_errr.txt"; sourceTree = "<group>"; };
		80E4EE081FB18D53004DD219 /* bangla_out.txt */ = {isa = PBXFileReference; fileEncoding = 5; lastKnownFileType = text; lineEnding = 0; name = bangla_out.txt; path = "../../code/b8e-converter/test/bangla_out.txt"; sourceTree = "<group>"; };
		80E4EE091FB18D53004DD219 /* devan_out.txt */ = {isa = PBXFileReference; fileEncoding = 4; lastKnownFileType = text; name = devan_out.txt; path = "../../code/b8e-converter/test/devan_out.txt"; sourceTree = "<group>"; };
		80E4EE0A1FB18D53004DD219 /* out.txt */ = {isa = PBXFileReference; fileEncoding = 4; lastKnownFileType = text; name = out.txt; path = "../../code/b8e-converter/test/out.txt"; sourceTree = "<group>"; };
		80E4EE0B1FB18D53004DD219 /* out2.txt */ = {isa = PBXFileReference; fileEncoding = 4; lastKnownFileType = text; name = out2.txt; path = "../../code/b8e-converter/test/out2.txt"; sourceTree = "<group>"; };
		80E4EE0C1FB18D53004DD219 /* out3.txt */ = {isa = PBXFileReference; fileEncoding = 4; lastKnownFileType = text; name = out3.txt; path = "../../code/b8e-converter/test/out3.txt"; sourceTree = "<group>"; };
		80E4EE0D1FB18D53004DD219 /* test.txt */ = {isa = PBXFileReference; fileEncoding = 4; lastKnownFileType = text; name = test.txt; path = "../../code/b8e-converter/test/test.txt"; sourceTree = "<group>"; };
		80E4EE0E1FB18D53004DD219 /* test2.txt */ = {isa = PBXFileReference; fileEncoding = 4; lastKnownFileType = text; name = test2.txt; path = "../../code/b8e-converter/test/test2.txt"; sourceTree = "<group>"; };
		80E4EE0F1FB18D53004DD219 /* test3.txt */ = {isa = PBXFileReference; fileEncoding = 4; lastKnownFileType = text; name = test3.txt; path = "../../code/b8e-converter/test/test3.txt"; sourceTree = "<group>"; };
/* End PBXFileReference section */

/* Begin PBXFrameworksBuildPhase section */
		80E4EDE91FB176F8004DD219 /* Frameworks */ = {
			isa = PBXFrameworksBuildPhase;
			buildActionMask = 2147483647;
			files = (
			);
			runOnlyForDeploymentPostprocessing = 0;
		};
		80E4EDF71FB1821C004DD219 /* Frameworks */ = {
			isa = PBXFrameworksBuildPhase;
			buildActionMask = 2147483647;
			files = (
			);
			runOnlyForDeploymentPostprocessing = 0;
		};
/* End PBXFrameworksBuildPhase section */

/* Begin PBXGroup section */
		80E4EDDF1FB17639004DD219 = {
			isa = PBXGroup;
			children = (
				80E4EE041FB18D31004DD219 /* testfiles */,
				80E4EE021FB18246004DD219 /* convert.h */,
				80E4EDE71FB17651004DD219 /* compare.h */,
				80E4EDEE1FB176F8004DD219 /* compare */,
				80E4EDFB1FB1821C004DD219 /* convert */,
				80E4EDED1FB176F8004DD219 /* Products */,
			);
			sourceTree = "<group>";
		};
		80E4EDED1FB176F8004DD219 /* Products */ = {
			isa = PBXGroup;
			children = (
				80E4EDEC1FB176F8004DD219 /* compare */,
				80E4EDFA1FB1821C004DD219 /* convert */,
			);
			name = Products;
			sourceTree = "<group>";
		};
		80E4EDEE1FB176F8004DD219 /* compare */ = {
			isa = PBXGroup;
			children = (
				80E4EDF41FB17916004DD219 /* bangla_out.txt */,
				80E4EDF51FB17916004DD219 /* devan_out.txt */,
				80E4EDEF1FB176F8004DD219 /* main.c */,
			);
			path = compare;
			sourceTree = "<group>";
		};
		80E4EDFB1FB1821C004DD219 /* convert */ = {
			isa = PBXGroup;
			children = (
				80E4EE061FB18D53004DD219 /* devan.txt */,
				80E4EE051FB18D53004DD219 /* bangla.txt */,
				80E4EDFC1FB1821C004DD219 /* main.c */,
			);
			path = convert;
			sourceTree = "<group>";
		};
		80E4EE041FB18D31004DD219 /* testfiles */ = {
			isa = PBXGroup;
			children = (
				80E4EE101FB18E0D004DD219 /* errors */,
				80E4EE0A1FB18D53004DD219 /* out.txt */,
				80E4EE0B1FB18D53004DD219 /* out2.txt */,
				80E4EE0C1FB18D53004DD219 /* out3.txt */,
				80E4EE0D1FB18D53004DD219 /* test.txt */,
				80E4EE0E1FB18D53004DD219 /* test2.txt */,
				80E4EE0F1FB18D53004DD219 /* test3.txt */,
			);
			name = testfiles;
			sourceTree = "<group>";
		};
		80E4EE101FB18E0D004DD219 /* errors */ = {
			isa = PBXGroup;
			children = (
				80E4EE071FB18D53004DD219 /* bangla_errr.txt */,
				80E4EE081FB18D53004DD219 /* bangla_out.txt */,
				80E4EE091FB18D53004DD219 /* devan_out.txt */,
			);
			name = errors;
			sourceTree = "<group>";
		};
/* End PBXGroup section */

/* Begin PBXNativeTarget section */
		80E4EDEB1FB176F8004DD219 /* compare */ = {
			isa = PBXNativeTarget;
			buildConfigurationList = 80E4EDF11FB176F8004DD219 /* Build configuration list for PBXNativeTarget "compare" */;
			buildPhases = (
				80E4EDE81FB176F8004DD219 /* Sources */,
				80E4EDE91FB176F8004DD219 /* Frameworks */,
				80E4EDEA1FB176F8004DD219 /* CopyFiles */,
			);
			buildRules = (
			);
			dependencies = (
			);
			name = compare;
			productName = compare;
			productReference = 80E4EDEC1FB176F8004DD219 /* compare */;
			productType = "com.apple.product-type.tool";
		};
		80E4EDF91FB1821C004DD219 /* convert */ = {
			isa = PBXNativeTarget;
			buildConfigurationList = 80E4EDFE1FB1821C004DD219 /* Build configuration list for PBXNativeTarget "convert" */;
			buildPhases = (
				80E4EDF61FB1821C004DD219 /* Sources */,
				80E4EDF71FB1821C004DD219 /* Frameworks */,
				80E4EDF81FB1821C004DD219 /* CopyFiles */,
			);
			buildRules = (
			);
			dependencies = (
			);
			name = convert;
			productName = convert;
			productReference = 80E4EDFA1FB1821C004DD219 /* convert */;
			productType = "com.apple.product-type.tool";
		};
/* End PBXNativeTarget section */

/* Begin PBXProject section */
		80E4EDE01FB17639004DD219 /* Project object */ = {
			isa = PBXProject;
			attributes = {
				LastUpgradeCheck = 0730;
				TargetAttributes = {
					80E4EDEB1FB176F8004DD219 = {
						CreatedOnToolsVersion = 7.3.1;
					};
					80E4EDF91FB1821C004DD219 = {
						CreatedOnToolsVersion = 7.3.1;
					};
				};
			};
			buildConfigurationList = 80E4EDE31FB17639004DD219 /* Build configuration list for PBXProject "compare" */;
			compatibilityVersion = "Xcode 3.2";
			developmentRegion = English;
			hasScannedForEncodings = 0;
			knownRegions = (
				en,
			);
			mainGroup = 80E4EDDF1FB17639004DD219;
			productRefGroup = 80E4EDED1FB176F8004DD219 /* Products */;
			projectDirPath = "";
			projectRoot = "";
			targets = (
				80E4EDEB1FB176F8004DD219 /* compare */,
				80E4EDF91FB1821C004DD219 /* convert */,
			);
		};
/* End PBXProject section */

/* Begin PBXSourcesBuildPhase section */
		80E4EDE81FB176F8004DD219 /* Sources */ = {
			isa = PBXSourcesBuildPhase;
			buildActionMask = 2147483647;
			files = (
				80E4EDF01FB176F8004DD219 /* main.c in Sources */,
			);
			runOnlyForDeploymentPostprocessing = 0;
		};
		80E4EDF61FB1821C004DD219 /* Sources */ = {
			isa = PBXSourcesBuildPhase;
			buildActionMask = 2147483647;
			files = (
				80E4EDFD1FB1821C004DD219 /* main.c in Sources */,
			);
			runOnlyForDeploymentPostprocessing = 0;
		};
/* End PBXSourcesBuildPhase section */

/* Begin XCBuildConfiguration section */
		80E4EDE41FB17639004DD219 /* Debug */ = {
			isa = XCBuildConfiguration;
			buildSettings = {
			};
			name = Debug;
		};
		80E4EDE51FB17639004DD219 /* Release */ = {
			isa = XCBuildConfiguration;
			buildSettings = {
			};
			name = Release;
		};
		80E4EDF21FB176F8004DD219 /* Debug */ = {
			isa = XCBuildConfiguration;
			buildSettings = {
				ALWAYS_SEARCH_USER_PATHS = NO;
				CLANG_ANALYZER_NONNULL = YES;
				CLANG_CXX_LANGUAGE_STANDARD = "gnu++0x";
				CLANG_CXX_LIBRARY = "libc++";
				CLANG_ENABLE_MODULES = YES;
				CLANG_ENABLE_OBJC_ARC = YES;
				CLANG_WARN_BOOL_CONVERSION = YES;
				CLANG_WARN_CONSTANT_CONVERSION = YES;
				CLANG_WARN_DIRECT_OBJC_ISA_USAGE = YES_ERROR;
				CLANG_WARN_EMPTY_BODY = YES;
				CLANG_WARN_ENUM_CONVERSION = YES;
				CLANG_WARN_INT_CONVERSION = YES;
				CLANG_WARN_OBJC_ROOT_CLASS = YES_ERROR;
				CLANG_WARN_UNREACHABLE_CODE = YES;
				CLANG_WARN__DUPLICATE_METHOD_MATCH = YES;
				CODE_SIGN_IDENTITY = "-";
				COPY_PHASE_STRIP = NO;
				DEBUG_INFORMATION_FORMAT = dwarf;
				ENABLE_STRICT_OBJC_MSGSEND = YES;
				ENABLE_TESTABILITY = YES;
				GCC_C_LANGUAGE_STANDARD = gnu99;
				GCC_DYNAMIC_NO_PIC = NO;
				GCC_NO_COMMON_BLOCKS = YES;
				GCC_OPTIMIZATION_LEVEL = 0;
				GCC_PREPROCESSOR_DEFINITIONS = (
					"DEBUG=1",
					"$(inherited)",
				);
				GCC_WARN_64_TO_32_BIT_CONVERSION = YES;
				GCC_WARN_ABOUT_RETURN_TYPE = YES_ERROR;
				GCC_WARN_UNDECLARED_SELECTOR = YES;
				GCC_WARN_UNINITIALIZED_AUTOS = YES_AGGRESSIVE;
				GCC_WARN_UNUSED_FUNCTION = YES;
				GCC_WARN_UNUSED_VARIABLE = YES;
				MACOSX_DEPLOYMENT_TARGET = 10.11;
				MTL_ENABLE_DEBUG_INFO = YES;
				ONLY_ACTIVE_ARCH = YES;
				PRODUCT_NAME = "$(TARGET_NAME)";
				SDKROOT = macosx;
			};
			name = Debug;
		};
		80E4EDF31FB176F8004DD219 /* Release */ = {
			isa = XCBuildConfiguration;
			buildSettings = {
				ALWAYS_SEARCH_USER_PATHS = NO;
				CLANG_ANALYZER_NONNULL = YES;
				CLANG_CXX_LANGUAGE_STANDARD = "gnu++0x";
				CLANG_CXX_LIBRARY = "libc++";
				CLANG_ENABLE_MODULES = YES;
				CLANG_ENABLE_OBJC_ARC = YES;
				CLANG_WARN_BOOL_CONVERSION = YES;
				CLANG_WARN_CONSTANT_CONVERSION = YES;
				CLANG_WARN_DIRECT_OBJC_ISA_USAGE = YES_ERROR;
				CLANG_WARN_EMPTY_BODY = YES;
				CLANG_WARN_ENUM_CONVERSION = YES;
				CLANG_WARN_INT_CONVERSION = YES;
				CLANG_WARN_OBJC_ROOT_CLASS = YES_ERROR;
				CLANG_WARN_UNREACHABLE_CODE = YES;
				CLANG_WARN__DUPLICATE_METHOD_MATCH = YES;
				CODE_SIGN_IDENTITY = "-";
				COPY_PHASE_STRIP = NO;
				DEBUG_INFORMATION_FORMAT = "dwarf-with-dsym";
				ENABLE_NS_ASSERTIONS = NO;
				ENABLE_STRICT_OBJC_MSGSEND = YES;
				GCC_C_LANGUAGE_STANDARD = gnu99;
				GCC_NO_COMMON_BLOCKS = YES;
				GCC_WARN_64_TO_32_BIT_CONVERSION = YES;
				GCC_WARN_ABOUT_RETURN_TYPE = YES_ERROR;
				GCC_WARN_UNDECLARED_SELECTOR = YES;
				GCC_WARN_UNINITIALIZED_AUTOS = YES_AGGRESSIVE;
				GCC_WARN_UNUSED_FUNCTION = YES;
				GCC_WARN_UNUSED_VARIABLE = YES;
				MACOSX_DEPLOYMENT_TARGET = 10.11;
				MTL_ENABLE_DEBUG_INFO = NO;
				PRODUCT_NAME = "$(TARGET_NAME)";
				SDKROOT = macosx;
			};
			name = Release;
		};
		80E4EDFF1FB1821C004DD219 /* Debug */ = {
			isa = XCBuildConfiguration;
			buildSettings = {
				ALWAYS_SEARCH_USER_PATHS = NO;
				CLANG_ANALYZER_NONNULL = YES;
				CLANG_CXX_LANGUAGE_STANDARD = "gnu++0x";
				CLANG_CXX_LIBRARY = "libc++";
				CLANG_ENABLE_MODULES = YES;
				CLANG_ENABLE_OBJC_ARC = YES;
				CLANG_WARN_BOOL_CONVERSION = YES;
				CLANG_WARN_CONSTANT_CONVERSION = YES;
				CLANG_WARN_DIRECT_OBJC_ISA_USAGE = YES_ERROR;
				CLANG_WARN_EMPTY_BODY = YES;
				CLANG_WARN_ENUM_CONVERSION = YES;
				CLANG_WARN_INT_CONVERSION = YES;
				CLANG_WARN_OBJC_ROOT_CLASS = YES_ERROR;
				CLANG_WARN_UNREACHABLE_CODE = YES;
				CLANG_WARN__DUPLICATE_METHOD_MATCH = YES;
				CODE_SIGN_IDENTITY = "-";
				COPY_PHASE_STRIP = NO;
				DEBUG_INFORMATION_FORMAT = dwarf;
				ENABLE_STRICT_OBJC_MSGSEND = YES;
				ENABLE_TESTABILITY = YES;
				GCC_C_LANGUAGE_STANDARD = gnu99;
				GCC_DYNAMIC_NO_PIC = NO;
				GCC_NO_COMMON_BLOCKS = YES;
				GCC_OPTIMIZATION_LEVEL = 0;
				GCC_PREPROCESSOR_DEFINITIONS = (
					"DEBUG=1",
					"$(inherited)",
				);
				GCC_WARN_64_TO_32_BIT_CONVERSION = YES;
				GCC_WARN_ABOUT_RETURN_TYPE = YES_ERROR;
				GCC_WARN_UNDECLARED_SELECTOR = YES;
				GCC_WARN_UNINITIALIZED_AUTOS = YES_AGGRESSIVE;
				GCC_WARN_UNUSED_FUNCTION = YES;
				GCC_WARN_UNUSED_VARIABLE = YES;
				MACOSX_DEPLOYMENT_TARGET = 10.11;
				MTL_ENABLE_DEBUG_INFO = YES;
				ONLY_ACTIVE_ARCH = YES;
				PRODUCT_NAME = "$(TARGET_NAME)";
				SDKROOT = macosx;
			};
			name = Debug;
		};
		80E4EE001FB1821C004DD219 /* Release */ = {
			isa = XCBuildConfiguration;
			buildSettings = {
				ALWAYS_SEARCH_USER_PATHS = NO;
				CLANG_ANALYZER_NONNULL = YES;
				CLANG_CXX_LANGUAGE_STANDARD = "gnu++0x";
				CLANG_CXX_LIBRARY = "libc++";
				CLANG_ENABLE_MODULES = YES;
				CLANG_ENABLE_OBJC_ARC = YES;
				CLANG_WARN_BOOL_CONVERSION = YES;
				CLANG_WARN_CONSTANT_CONVERSION = YES;
				CLANG_WARN_DIRECT_OBJC_ISA_USAGE = YES_ERROR;
				CLANG_WARN_EMPTY_BODY = YES;
				CLANG_WARN_ENUM_CONVERSION = YES;
				CLANG_WARN_INT_CONVERSION = YES;
				CLANG_WARN_OBJC_ROOT_CLASS = YES_ERROR;
				CLANG_WARN_UNREACHABLE_CODE = YES;
				CLANG_WARN__DUPLICATE_METHOD_MATCH = YES;
				CODE_SIGN_IDENTITY = "-";
				COPY_PHASE_STRIP = NO;
				DEBUG_INFORMATION_FORMAT = "dwarf-with-dsym";
				ENABLE_NS_ASSERTIONS = NO;
				ENABLE_STRICT_OBJC_MSGSEND = YES;
				GCC_C_LANGUAGE_STANDARD = gnu99;
				GCC_NO_COMMON_BLOCKS = YES;
				GCC_WARN_64_TO_32_BIT_CONVERSION = YES;
				GCC_WARN_ABOUT_RETURN_TYPE = YES_ERROR;
				GCC_WARN_UNDECLARED_SELECTOR = YES;
				GCC_WARN_UNINITIALIZED_AUTOS = YES_AGGRESSIVE;
				GCC_WARN_UNUSED_FUNCTION = YES;
				GCC_WARN_UNUSED_VARIABLE = YES;
				MACOSX_DEPLOYMENT_TARGET = 10.11;
				MTL_ENABLE_DEBUG_INFO = NO;
				PRODUCT_NAME = "$(TARGET_NAME)";
				SDKROOT = macosx;
			};
			name = Release;
		};
/* End XCBuildConfiguration section */

/* Begin XCConfigurationList section */
		80E4EDE31FB17639004DD219 /* Build configuration list for PBXProject "compare" */ = {
			isa = XCConfigurationList;
			buildConfigurations = (
				80E4EDE41FB17639004DD219 /* Debug */,
				80E4EDE51FB17639004DD219 /* Release */,
			);
			defaultConfigurationIsVisible = 0;
			defaultConfigurationName = Release;
		};
		80E4EDF11FB176F8004DD219 /* Build configuration list for PBXNativeTarget "compare" */ = {
			isa = XCConfigurationList;
			buildConfigurations = (
				80E4EDF21FB176F8004DD219 /* Debug */,
				80E4EDF31FB176F8004DD219 /* Release */,
			);
			defaultConfigurationIsVisible = 0;
		};
		80E4EDFE1FB1821C004DD219 /* Build configuration list for PBXNativeTarget "convert" */ = {
			isa = XCConfigurationList;
			buildConfigurations = (
				80E4EDFF1FB1821C004DD219 /* Debug */,
				80E4EE001FB1821C004DD219 /* Release */,
			);
			defaultConfigurationIsVisible = 0;
		};
/* End XCConfigurationList section */
	};
	rootObject = 80E4EDE01FB17639004DD219 /* Project object */;
}
